
Microsoft Visual Studio Solution File, Format Version 12.00
# Visual Studio Version 16
VisualStudioVersion = 16.0.31829.152
MinimumVisualStudioVersion = 10.0.40219.1
Project("{FAE04EC0-301F-11D3-BF4B-00C04F79EFBC}") = "DraggableWindows", "DraggableWindows\DraggableWindows.csproj", "{311C6ED1-C7A0-45FE-A79F-9D71A153162D}"
EndProject
Global
	GlobalSection(SolutionConfigurationPlatforms) = preSolution
		Debug|Any CPU = Debug|Any CPU
		Release|Any CPU = Release|Any CPU
	EndGlobalSection
	GlobalSection(ProjectConfigurationPlatforms) = postSolution
		{311C6ED1-C7A0-45FE-A79F-9D71A153162D}.Debug|Any CPU.ActiveCfg = Debug|Any CPU
		{311C6ED1-C7A0-45FE-A79F-9D71A153162D}.Debug|Any CPU.Build.0 = Debug|Any CPU
		{311C6ED1-C7A0-45FE-A79F-9D71A153162D}.Release|Any CPU.ActiveCfg = Release|Any CPU
		{311C6ED1-C7A0-45FE-A79F-9D71A153162D}.Release|Any CPU.Build.0 = Release|Any CPU
	EndGlobalSection
	GlobalSection(SolutionProperties) = preSolution
		HideSolutionNode = FALSE
	EndGlobalSection
	GlobalSection(ExtensibilityGlobals) = postSolution
		SolutionGuid = {28CB6D1D-1AB0-4883-AC6D-61CA325EAF45}
	EndGlobalSection
EndGlobal
